
Microsoft Visual Studio Solution File, Format Version 12.00
# Visual Studio Version 16
VisualStudioVersion = 16.0.32106.194
MinimumVisualStudioVersion = 10.0.40219.1
Project("{8BC9CEB8-8B4A-11D0-8D11-00A0C91BC942}") = "sql_LV++", "sql_LV++.vcxproj", "{0DB7A92B-4DBC-4F49-9D45-E0795BB9E6CB}"
EndProject
Project("{911E67C6-3D85-4FCE-B560-20A9C3E3FF48}") = "LabVIEW", "..\..\..\..\..\Program Files (x86)\National Instruments\LabVIEW 2020\LabVIEW.exe", "{7747E3B2-5CFD-4E85-962A-889692229563}"
	ProjectSection(DebuggerProjectSystem) = preProject
		PortSupplier = 00000000-0000-0000-0000-000000000000
		Executable = C:\Program Files (x86)\National Instruments\LabVIEW 2020\LabVIEW.exe
		RemoteMachine = RVMI-0023
		StartingDirectory = C:\Program Files (x86)\National Instruments\LabVIEW 2020
		Environment = Default
		LaunchingEngine = 00000000-0000-0000-0000-000000000000
		UseLegacyDebugEngines = No
		LaunchSQLEngine = No
		AttachLaunchAction = No
		IORedirection = Auto
	EndProjectSection
EndProject
Global
	GlobalSection(SolutionConfigurationPlatforms) = preSolution
		Debug|x64 = Debug|x64
		Debug|x86 = Debug|x86
		Release|x64 = Release|x64
		Release|x86 = Release|x86
	EndGlobalSection
	GlobalSection(ProjectConfigurationPlatforms) = postSolution
		{0DB7A92B-4DBC-4F49-9D45-E0795BB9E6CB}.Debug|x64.ActiveCfg = Debug|x64
		{0DB7A92B-4DBC-4F49-9D45-E0795BB9E6CB}.Debug|x64.Build.0 = Debug|x64
		{0DB7A92B-4DBC-4F49-9D45-E0795BB9E6CB}.Debug|x86.ActiveCfg = Debug|Win32
		{0DB7A92B-4DBC-4F49-9D45-E0795BB9E6CB}.Debug|x86.Build.0 = Debug|Win32
		{0DB7A92B-4DBC-4F49-9D45-E0795BB9E6CB}.Release|x64.ActiveCfg = Release|x64
		{0DB7A92B-4DBC-4F49-9D45-E0795BB9E6CB}.Release|x64.Build.0 = Release|x64
		{0DB7A92B-4DBC-4F49-9D45-E0795BB9E6CB}.Release|x86.ActiveCfg = Release|Win32
		{0DB7A92B-4DBC-4F49-9D45-E0795BB9E6CB}.Release|x86.Build.0 = Release|Win32
		{7747E3B2-5CFD-4E85-962A-889692229563}.Debug|x64.ActiveCfg = Release|x86
		{7747E3B2-5CFD-4E85-962A-889692229563}.Debug|x86.ActiveCfg = Release|x86
		{7747E3B2-5CFD-4E85-962A-889692229563}.Release|x64.ActiveCfg = Release|x86
		{7747E3B2-5CFD-4E85-962A-889692229563}.Release|x86.ActiveCfg = Release|x86
	EndGlobalSection
	GlobalSection(SolutionProperties) = preSolution
		HideSolutionNode = FALSE
	EndGlobalSection
	GlobalSection(ExtensibilityGlobals) = postSolution
		SolutionGuid = {09B42849-38FA-4D54-BCB1-9762196D7AC2}
	EndGlobalSection
EndGlobal
